
Microsoft Visual Studio Solution File, Format Version 12.00
# Visual Studio Version 16
VisualStudioVersion = 16.0.29503.13
MinimumVisualStudioVersion = 10.0.40219.1
Project("{8BC9CEB8-8B4A-11D0-8D11-00A0C91BC942}") = "AhengMemScaner", "AhengMemScaner\AhengMemScaner.vcxproj", "{7205EA9C-F7A6-4A46-BFAF-11242F0E2409}"
EndProject
Project("{8BC9CEB8-8B4A-11D0-8D11-00A0C91BC942}") = "ConsoleApplication1", "ConsoleApplication1\ConsoleApplication1.vcxproj", "{ECDC31BE-3064-4B18-80EA-84FE64F7B71B}"
EndProject
Global
	GlobalSection(SolutionConfigurationPlatforms) = preSolution
		Debug|ARM = Debug|ARM
		Debug|ARM64 = Debug|ARM64
		Debug|x64 = Debug|x64
		Debug|x86 = Debug|x86
		Release|ARM = Release|ARM
		Release|ARM64 = Release|ARM64
		Release|x64 = Release|x64
		Release|x86 = Release|x86
	EndGlobalSection
	GlobalSection(ProjectConfigurationPlatforms) = postSolution
		{7205EA9C-F7A6-4A46-BFAF-11242F0E2409}.Debug|ARM.ActiveCfg = Debug|ARM
		{7205EA9C-F7A6-4A46-BFAF-11242F0E2409}.Debug|ARM.Build.0 = Debug|ARM
		{7205EA9C-F7A6-4A46-BFAF-11242F0E2409}.Debug|ARM64.ActiveCfg = Debug|ARM64
		{7205EA9C-F7A6-4A46-BFAF-11242F0E2409}.Debug|ARM64.Build.0 = Debug|ARM64
		{7205EA9C-F7A6-4A46-BFAF-11242F0E2409}.Debug|x64.ActiveCfg = Debug|x64
		{7205EA9C-F7A6-4A46-BFAF-11242F0E2409}.Debug|x64.Build.0 = Debug|x64
		{7205EA9C-F7A6-4A46-BFAF-11242F0E2409}.Debug|x86.ActiveCfg = Debug|x86
		{7205EA9C-F7A6-4A46-BFAF-11242F0E2409}.Debug|x86.Build.0 = Debug|x86
		{7205EA9C-F7A6-4A46-BFAF-11242F0E2409}.Release|ARM.ActiveCfg = Release|ARM
		{7205EA9C-F7A6-4A46-BFAF-11242F0E2409}.Release|ARM.Build.0 = Release|ARM
		{7205EA9C-F7A6-4A46-BFAF-11242F0E2409}.Release|ARM64.ActiveCfg = Release|ARM64
		{7205EA9C-F7A6-4A46-BFAF-11242F0E2409}.Release|ARM64.Build.0 = Release|ARM64
		{7205EA9C-F7A6-4A46-BFAF-11242F0E2409}.Release|x64.ActiveCfg = Release|x64
		{7205EA9C-F7A6-4A46-BFAF-11242F0E2409}.Release|x64.Build.0 = Release|x64
		{7205EA9C-F7A6-4A46-BFAF-11242F0E2409}.Release|x86.ActiveCfg = Release|x86
		{7205EA9C-F7A6-4A46-BFAF-11242F0E2409}.Release|x86.Build.0 = Release|x86
		{ECDC31BE-3064-4B18-80EA-84FE64F7B71B}.Debug|ARM.ActiveCfg = Debug|ARM
		{ECDC31BE-3064-4B18-80EA-84FE64F7B71B}.Debug|ARM.Build.0 = Debug|ARM
		{ECDC31BE-3064-4B18-80EA-84FE64F7B71B}.Debug|ARM.Deploy.0 = Debug|ARM
		{ECDC31BE-3064-4B18-80EA-84FE64F7B71B}.Debug|ARM64.ActiveCfg = Debug|ARM64
		{ECDC31BE-3064-4B18-80EA-84FE64F7B71B}.Debug|ARM64.Build.0 = Debug|ARM64
		{ECDC31BE-3064-4B18-80EA-84FE64F7B71B}.Debug|ARM64.Deploy.0 = Debug|ARM64
		{ECDC31BE-3064-4B18-80EA-84FE64F7B71B}.Debug|x64.ActiveCfg = Debug|x64
		{ECDC31BE-3064-4B18-80EA-84FE64F7B71B}.Debug|x64.Build.0 = Debug|x64
		{ECDC31BE-3064-4B18-80EA-84FE64F7B71B}.Debug|x64.Deploy.0 = Debug|x64
		{ECDC31BE-3064-4B18-80EA-84FE64F7B71B}.Debug|x86.ActiveCfg = Debug|x86
		{ECDC31BE-3064-4B18-80EA-84FE64F7B71B}.Debug|x86.Build.0 = Debug|x86
		{ECDC31BE-3064-4B18-80EA-84FE64F7B71B}.Debug|x86.Deploy.0 = Debug|x86
		{ECDC31BE-3064-4B18-80EA-84FE64F7B71B}.Release|ARM.ActiveCfg = Release|ARM
		{ECDC31BE-3064-4B18-80EA-84FE64F7B71B}.Release|ARM.Build.0 = Release|ARM
		{ECDC31BE-3064-4B18-80EA-84FE64F7B71B}.Release|ARM.Deploy.0 = Release|ARM
		{ECDC31BE-3064-4B18-80EA-84FE64F7B71B}.Release|ARM64.ActiveCfg = Release|ARM64
		{ECDC31BE-3064-4B18-80EA-84FE64F7B71B}.Release|ARM64.Build.0 = Release|ARM64
		{ECDC31BE-3064-4B18-80EA-84FE64F7B71B}.Release|ARM64.Deploy.0 = Release|ARM64
		{ECDC31BE-3064-4B18-80EA-84FE64F7B71B}.Release|x64.ActiveCfg = Release|x64
		{ECDC31BE-3064-4B18-80EA-84FE64F7B71B}.Release|x64.Build.0 = Release|x64
		{ECDC31BE-3064-4B18-80EA-84FE64F7B71B}.Release|x64.Deploy.0 = Release|x64
		{ECDC31BE-3064-4B18-80EA-84FE64F7B71B}.Release|x86.ActiveCfg = Release|x86
		{ECDC31BE-3064-4B18-80EA-84FE64F7B71B}.Release|x86.Build.0 = Release|x86
		{ECDC31BE-3064-4B18-80EA-84FE64F7B71B}.Release|x86.Deploy.0 = Release|x86
	EndGlobalSection
	GlobalSection(SolutionProperties) = preSolution
		HideSolutionNode = FALSE
	EndGlobalSection
	GlobalSection(ExtensibilityGlobals) = postSolution
		SolutionGuid = {88B0A0A3-0024-4909-81C6-04FA397030CD}
	EndGlobalSection
EndGlobal
