<?xml version="1.0" encoding="utf-8"?>
<Project ToolsVersion="4.0" xmlns="http://schemas.microsoft.com/developer/msbuild/2003">
  <ItemGroup>
    <ClCompile Include="commands.c" />
    <ClCompile Include="common.c" />
    <ClCompile Include="getline.c" />
    <ClCompile Include="handlers.c" />
    <ClCompile Include="interrupt.c" />
    <ClCompile Include="main.c" />
    <ClCompile Include="maps.c" />
    <ClCompile Include="menu.c" />
    <ClCompile Include="ptrace.c" />
    <ClCompile Include="readline.c" />
    <ClCompile Include="scanmem.c" />
    <ClCompile Include="scanroutines.c" />
    <ClCompile Include="sets.c" />
    <ClCompile Include="show_message.c" />
    <ClCompile Include="targetmem.c" />
    <ClCompile Include="value.c" />
    <ClCompile Include="Memory.c" />
  </ItemGroup>
  <ItemGroup>
    <ClInclude Include="pch.h" />
    <ClInclude Include="commands.h" />
    <ClInclude Include="common.h" />
    <ClInclude Include="endianness.h" />
    <ClInclude Include="getline.h" />
    <ClInclude Include="handlers.h" />
    <ClInclude Include="interrupt.h" />
    <ClInclude Include="licence.h" />
    <ClInclude Include="list.h" />
    <ClInclude Include="maps.h" />
    <ClInclude Include="menu.h" />
    <ClInclude Include="readline.h" />
    <ClInclude Include="scanmem.h" />
    <ClInclude Include="scanroutines.h" />
    <ClInclude Include="sets.h" />
    <ClInclude Include="show_message.h" />
    <ClInclude Include="targetmem.h" />
    <ClInclude Include="value.h" />
    <ClInclude Include="config.h" />
  </ItemGroup>
  <ItemGroup>
    <None Include="Makefile.am" />
    <None Include="Makefile.android" />
    <None Include=".gitignore" />
    <None Include=".travis.yml" />
    <None Include="aclocal.m4" />
    <None Include="AUTHORS" />
    <None Include="autogen.sh" />
    <None Include="build_for_android.sh" />
    <None Include="ChangeLog" />
    <None Include="compile" />
    <None Include="config.guess" />
    <None Include="config.h.in" />
    <None Include="config.status" />
    <None Include="config.sub" />
    <None Include="configure" />
    <None Include="configure.ac" />
    <None Include="COPYING" />
    <None Include="depcomp" />
    <None Include="install-sh" />
    <None Include="libtool" />
    <None Include="ltmain.sh" />
    <None Include="Makefile" />
    <None Include="read.lua" />
    <None Include="missing" />
    <None Include="search.lua" />
    <None Include="write.lua" />
    <None Include="TODO" />
    <None Include="test-driver" />
  </ItemGroup>
  <ItemGroup>
    <Text Include="config.log" />
    <Text Include="gpl-3.0.txt" />
    <Text Include="lgpl-3.0.txt" />
  </ItemGroup>
  <ItemGroup>
    <Library Include="Memory.so" />
  </ItemGroup>
</Project>